
Microsoft Visual Studio Solution File, Format Version 12.00
# Visual Studio Version 17
VisualStudioVersion = 17.0.31903.59
MinimumVisualStudioVersion = 10.0.40219.1
Project("{FAE04EC0-301F-11D3-BF4B-00C04F79EFBC}") = "RegressionModelCloseLong.ConsoleApp", "RegressionModelCloseLong.ConsoleApp\RegressionModelCloseLong.ConsoleApp.csproj", "{97F16E56-B02D-4B2C-B03F-16A1CCEBFC7A}"
EndProject
Project("{FAE04EC0-301F-11D3-BF4B-00C04F79EFBC}") = "RegressionModelCloseLong.Model", "RegressionModelCloseLong.Model\RegressionModelCloseLong.Model.csproj", "{79942BF3-8E2F-44C6-9552-45F73BB58158}"
EndProject
Global
	GlobalSection(SolutionConfigurationPlatforms) = preSolution
		Debug|Any CPU = Debug|Any CPU
		Release|Any CPU = Release|Any CPU
	EndGlobalSection
	GlobalSection(SolutionProperties) = preSolution
		HideSolutionNode = FALSE
	EndGlobalSection
	GlobalSection(ProjectConfigurationPlatforms) = postSolution
		{97F16E56-B02D-4B2C-B03F-16A1CCEBFC7A}.Debug|Any CPU.ActiveCfg = Debug|Any CPU
		{97F16E56-B02D-4B2C-B03F-16A1CCEBFC7A}.Debug|Any CPU.Build.0 = Debug|Any CPU
		{97F16E56-B02D-4B2C-B03F-16A1CCEBFC7A}.Release|Any CPU.ActiveCfg = Release|Any CPU
		{97F16E56-B02D-4B2C-B03F-16A1CCEBFC7A}.Release|Any CPU.Build.0 = Release|Any CPU
		{79942BF3-8E2F-44C6-9552-45F73BB58158}.Debug|Any CPU.ActiveCfg = Debug|Any CPU
		{79942BF3-8E2F-44C6-9552-45F73BB58158}.Debug|Any CPU.Build.0 = Debug|Any CPU
		{79942BF3-8E2F-44C6-9552-45F73BB58158}.Release|Any CPU.ActiveCfg = Release|Any CPU
		{79942BF3-8E2F-44C6-9552-45F73BB58158}.Release|Any CPU.Build.0 = Release|Any CPU
	EndGlobalSection
EndGlobal
